
Microsoft Visual Studio Solution File, Format Version 12.00
# Visual Studio Version 17
VisualStudioVersion = 17.2.32616.157
MinimumVisualStudioVersion = 10.0.40219.1
Project("{FAE04EC0-301F-11D3-BF4B-00C04F79EFBC}") = "Intro", "Intro.csproj", "{B6A6D883-3A07-4D1C-A803-02B7A0C77E49}"
EndProject
Global
	GlobalSection(SolutionConfigurationPlatforms) = preSolution
		Debug|Any CPU = Debug|Any CPU
		Release|Any CPU = Release|Any CPU
	EndGlobalSection
	GlobalSection(ProjectConfigurationPlatforms) = postSolution
		{B6A6D883-3A07-4D1C-A803-02B7A0C77E49}.Debug|Any CPU.ActiveCfg = Debug|Any CPU
		{B6A6D883-3A07-4D1C-A803-02B7A0C77E49}.Debug|Any CPU.Build.0 = Debug|Any CPU
		{B6A6D883-3A07-4D1C-A803-02B7A0C77E49}.Release|Any CPU.ActiveCfg = Release|Any CPU
		{B6A6D883-3A07-4D1C-A803-02B7A0C77E49}.Release|Any CPU.Build.0 = Release|Any CPU
	EndGlobalSection
	GlobalSection(SolutionProperties) = preSolution
		HideSolutionNode = FALSE
	EndGlobalSection
	GlobalSection(ExtensibilityGlobals) = postSolution
		SolutionGuid = {0F273F7F-D198-4954-A6C8-1998BE82DADD}
	EndGlobalSection
EndGlobal
